
Microsoft Visual Studio Solution File, Format Version 12.00
Project("{FAE04EC0-301F-11D3-BF4B-00C04F79EFBC}") = "RtNeat", "RtNeat\RtNeat.csproj", "{E8B56A4A-4974-4156-8BA1-1C615DDEE9F4}"
EndProject
Project("{FAE04EC0-301F-11D3-BF4B-00C04F79EFBC}") = "TestRtNeat", "TestRtNeat\TestRtNeat.csproj", "{F5B6B0F1-82B6-4343-9D48-03412A7E0DC7}"
EndProject
Global
	GlobalSection(SolutionConfigurationPlatforms) = preSolution
		Debug|Any CPU = Debug|Any CPU
		Release|Any CPU = Release|Any CPU
	EndGlobalSection
	GlobalSection(ProjectConfigurationPlatforms) = postSolution
		{E8B56A4A-4974-4156-8BA1-1C615DDEE9F4}.Debug|Any CPU.ActiveCfg = Debug|Any CPU
		{E8B56A4A-4974-4156-8BA1-1C615DDEE9F4}.Debug|Any CPU.Build.0 = Debug|Any CPU
		{E8B56A4A-4974-4156-8BA1-1C615DDEE9F4}.Release|Any CPU.ActiveCfg = Release|Any CPU
		{E8B56A4A-4974-4156-8BA1-1C615DDEE9F4}.Release|Any CPU.Build.0 = Release|Any CPU
		{F5B6B0F1-82B6-4343-9D48-03412A7E0DC7}.Debug|Any CPU.ActiveCfg = Debug|Any CPU
		{F5B6B0F1-82B6-4343-9D48-03412A7E0DC7}.Debug|Any CPU.Build.0 = Debug|Any CPU
		{F5B6B0F1-82B6-4343-9D48-03412A7E0DC7}.Release|Any CPU.ActiveCfg = Release|Any CPU
		{F5B6B0F1-82B6-4343-9D48-03412A7E0DC7}.Release|Any CPU.Build.0 = Release|Any CPU
	EndGlobalSection
EndGlobal
